
Microsoft Visual Studio Solution File, Format Version 12.00
# Visual Studio Version 17
VisualStudioVersion = 17.11.35222.181
MinimumVisualStudioVersion = 10.0.40219.1
Project("{FAE04EC0-301F-11D3-BF4B-00C04F79EFBC}") = "CEC_CRM", "CEC_CRM\CEC_CRM.csproj", "{757D1032-1705-492E-A082-F9E71945FD6F}"
EndProject
Global
	GlobalSection(SolutionConfigurationPlatforms) = preSolution
		Debug|Any CPU = Debug|Any CPU
		Release|Any CPU = Release|Any CPU
	EndGlobalSection
	GlobalSection(ProjectConfigurationPlatforms) = postSolution
		{757D1032-1705-492E-A082-F9E71945FD6F}.Debug|Any CPU.ActiveCfg = Debug|Any CPU
		{757D1032-1705-492E-A082-F9E71945FD6F}.Debug|Any CPU.Build.0 = Debug|Any CPU
		{757D1032-1705-492E-A082-F9E71945FD6F}.Release|Any CPU.ActiveCfg = Release|Any CPU
		{757D1032-1705-492E-A082-F9E71945FD6F}.Release|Any CPU.Build.0 = Release|Any CPU
	EndGlobalSection
	GlobalSection(SolutionProperties) = preSolution
		HideSolutionNode = FALSE
	EndGlobalSection
	GlobalSection(ExtensibilityGlobals) = postSolution
		SolutionGuid = {60C43D33-D079-423C-947F-71BCD41232EC}
	EndGlobalSection
EndGlobal
